<?xml version="1.0" encoding="utf-8"?>
<Project ToolsVersion="4.0" xmlns="http://schemas.microsoft.com/developer/msbuild/2003">
  <ItemGroup>
    <Filter Include="Quelldateien">
      <UniqueIdentifier>{4FC737F1-C7A5-4376-A066-2A32D752A2FF}</UniqueIdentifier>
      <Extensions>cpp;c;cc;cxx;c++;cppm;ixx;def;odl;idl;hpj;bat;asm;asmx</Extensions>
    </Filter>
    <Filter Include="Headerdateien">
      <UniqueIdentifier>{93995380-89BD-4b04-88EB-625FBE52EBFB}</UniqueIdentifier>
      <Extensions>h;hh;hpp;hxx;h++;hm;inl;inc;ipp;xsd</Extensions>
    </Filter>
    <Filter Include="Ressourcendateien">
      <UniqueIdentifier>{67DA6AB6-F800-4c08-8B7A-83BB121AAD01}</UniqueIdentifier>
      <Extensions>rc;ico;cur;bmp;dlg;rc2;rct;bin;rgs;gif;jpg;jpeg;jpe;resx;tiff;tif;png;wav;mfcribbon-ms</Extensions>
    </Filter>
  </ItemGroup>
  <ItemGroup>
    <ClCompile Include="src\engine-process.cpp">
      <Filter>Quelldateien</Filter>
    </ClCompile>
    <ClCompile Include="src\qapla-engine-tester.cpp">
      <Filter>Quelldateien</Filter>
    </ClCompile>
    <ClCompile Include="src\uci-adpater.cpp">
      <Filter>Quelldateien</Filter>
    </ClCompile>
    <ClCompile Include="src\engine-worker-factory.cpp">
      <Filter>Quelldateien</Filter>
    </ClCompile>
    <ClCompile Include="src\engine-worker.cpp">
      <Filter>Quelldateien</Filter>
    </ClCompile>
    <ClCompile Include="src\hashconstants.cpp">
      <Filter>Quelldateien</Filter>
    </ClCompile>
    <ClCompile Include="src\magics.cpp">
      <Filter>Quelldateien</Filter>
    </ClCompile>
    <ClCompile Include="src\movegenerator.cpp">
      <Filter>Quelldateien</Filter>
    </ClCompile>
    <ClCompile Include="src\piecesignature.cpp">
      <Filter>Quelldateien</Filter>
    </ClCompile>
    <ClCompile Include="src\pst.cpp">
      <Filter>Quelldateien</Filter>
    </ClCompile>
    <ClCompile Include="src\bitboardmasks.cpp">
      <Filter>Quelldateien</Filter>
    </ClCompile>
    <ClCompile Include="src\board.cpp">
      <Filter>Quelldateien</Filter>
    </ClCompile>
    <ClCompile Include="src\game-manager.cpp">
      <Filter>Quelldateien</Filter>
    </ClCompile>
    <ClCompile Include="src\game-state.cpp">
      <Filter>Quelldateien</Filter>
    </ClCompile>
    <ClCompile Include="src\engine-test-controller.cpp">
      <Filter>Quelldateien</Filter>
    </ClCompile>
    <ClCompile Include="src\game-record.cpp">
      <Filter>Quelldateien</Filter>
    </ClCompile>
    <ClCompile Include="src\engine-adapter.cpp">
      <Filter>Quelldateien</Filter>
    </ClCompile>
    <ClCompile Include="src\cli-settings-manager.cpp">
      <Filter>Quelldateien</Filter>
    </ClCompile>
    <ClCompile Include="src\player-context.cpp">
      <Filter>Quelldateien</Filter>
    </ClCompile>
    <ClCompile Include="src\engine-report.cpp">
      <Filter>Quelldateien</Filter>
    </ClCompile>
    <ClCompile Include="src\epd-manager.cpp">
      <Filter>Quelldateien</Filter>
    </ClCompile>
    <ClCompile Include="src\epd-reader.cpp">
      <Filter>Quelldateien</Filter>
    </ClCompile>
    <ClCompile Include="src\engine-config-manager.cpp">
      <Filter>Quelldateien</Filter>
    </ClCompile>
    <ClCompile Include="src\engine-config.cpp">
      <Filter>Quelldateien</Filter>
    </ClCompile>
    <ClCompile Include="src\game-manager-pool.cpp">
      <Filter>Quelldateien</Filter>
    </ClCompile>
    <ClCompile Include="src\sprt-manager.cpp">
      <Filter>Quelldateien</Filter>
    </ClCompile>
    <ClCompile Include="src\pgn-io.cpp">
      <Filter>Quelldateien</Filter>
    </ClCompile>
    <ClCompile Include="src\tournament.cpp">
      <Filter>Quelldateien</Filter>
    </ClCompile>
    <ClCompile Include="src\pair-tournament.cpp">
      <Filter>Quelldateien</Filter>
    </ClCompile>
    <ClCompile Include="src\tournament-result.cpp">
      <Filter>Quelldateien</Filter>
    </ClCompile>
    <ClCompile Include="src\input-handler.cpp">
      <Filter>Quelldateien</Filter>
    </ClCompile>
  </ItemGroup>
  <ItemGroup>
    <ClInclude Include="src\engine-process.h">
      <Filter>Headerdateien</Filter>
    </ClInclude>
    <ClInclude Include="src\engine-adapter.h">
      <Filter>Headerdateien</Filter>
    </ClInclude>
    <ClInclude Include="src\game-start-position.h">
      <Filter>Headerdateien</Filter>
    </ClInclude>
    <ClInclude Include="src\game-state.h">
      <Filter>Headerdateien</Filter>
    </ClInclude>
    <ClInclude Include="src\uci-adapter.h">
      <Filter>Headerdateien</Filter>
    </ClInclude>
    <ClInclude Include="src\uci-option.h">
      <Filter>Headerdateien</Filter>
    </ClInclude>
    <ClInclude Include="src\engine-group.h">
      <Filter>Headerdateien</Filter>
    </ClInclude>
    <ClInclude Include="src\engine-worker-factory.h">
      <Filter>Headerdateien</Filter>
    </ClInclude>
    <ClInclude Include="src\engine-worker.h">
      <Filter>Headerdateien</Filter>
    </ClInclude>
    <ClInclude Include="src\logger.h">
      <Filter>Headerdateien</Filter>
    </ClInclude>
    <ClInclude Include="src\bitboardmasks.h">
      <Filter>Headerdateien</Filter>
    </ClInclude>
    <ClInclude Include="src\bits.h">
      <Filter>Headerdateien</Filter>
    </ClInclude>
    <ClInclude Include="src\board.h">
      <Filter>Headerdateien</Filter>
    </ClInclude>
    <ClInclude Include="src\boardstate.h">
      <Filter>Headerdateien</Filter>
    </ClInclude>
    <ClInclude Include="src\hashconstants.h">
      <Filter>Headerdateien</Filter>
    </ClInclude>
    <ClInclude Include="src\magics.h">
      <Filter>Headerdateien</Filter>
    </ClInclude>
    <ClInclude Include="src\materialbalance.h">
      <Filter>Headerdateien</Filter>
    </ClInclude>
    <ClInclude Include="src\move.h">
      <Filter>Headerdateien</Filter>
    </ClInclude>
    <ClInclude Include="src\movegenerator.h">
      <Filter>Headerdateien</Filter>
    </ClInclude>
    <ClInclude Include="src\piecesignature.h">
      <Filter>Headerdateien</Filter>
    </ClInclude>
    <ClInclude Include="src\pst.h">
      <Filter>Headerdateien</Filter>
    </ClInclude>
    <ClInclude Include="src\types.h">
      <Filter>Headerdateien</Filter>
    </ClInclude>
    <ClInclude Include="src\evalvalue.h">
      <Filter>Headerdateien</Filter>
    </ClInclude>
    <ClInclude Include="src\movelist.h">
      <Filter>Headerdateien</Filter>
    </ClInclude>
    <ClInclude Include="src\game-manager.h">
      <Filter>Headerdateien</Filter>
    </ClInclude>
    <ClInclude Include="src\engine-report.h">
      <Filter>Headerdateien</Filter>
    </ClInclude>
    <ClInclude Include="src\timer.h">
      <Filter>Headerdateien</Filter>
    </ClInclude>
    <ClInclude Include="src\time-control.h">
      <Filter>Headerdateien</Filter>
    </ClInclude>
    <ClInclude Include="src\movescanner.h">
      <Filter>Headerdateien</Filter>
    </ClInclude>
    <ClInclude Include="src\fenscanner.h">
      <Filter>Headerdateien</Filter>
    </ClInclude>
    <ClInclude Include="src\engine-test-controller.h">
      <Filter>Headerdateien</Filter>
    </ClInclude>
    <ClInclude Include="src\move-record.h">
      <Filter>Headerdateien</Filter>
    </ClInclude>
    <ClInclude Include="src\game-record.h">
      <Filter>Headerdateien</Filter>
    </ClInclude>
    <ClInclude Include="src\engine-event.h">
      <Filter>Headerdateien</Filter>
    </ClInclude>
    <ClInclude Include="src\test-tournament.h">
      <Filter>Headerdateien</Filter>
    </ClInclude>
    <ClInclude Include="src\heart-beat.h">
      <Filter>Headerdateien</Filter>
    </ClInclude>
    <ClInclude Include="src\game-result.h">
      <Filter>Headerdateien</Filter>
    </ClInclude>
    <ClInclude Include="src\cli-settings-manager.h">
      <Filter>Headerdateien</Filter>
    </ClInclude>
    <ClInclude Include="src\player-context.h">
      <Filter>Headerdateien</Filter>
    </ClInclude>
    <ClInclude Include="src\game-task.h">
      <Filter>Headerdateien</Filter>
    </ClInclude>
    <ClInclude Include="src\epd-test-manager.h">
      <Filter>Headerdateien</Filter>
    </ClInclude>
    <ClInclude Include="src\epd-reader.h">
      <Filter>Headerdateien</Filter>
    </ClInclude>
    <ClInclude Include="src\epd-manager.h">
      <Filter>Headerdateien</Filter>
    </ClInclude>
    <ClInclude Include="src\engine-config.h">
      <Filter>Headerdateien</Filter>
    </ClInclude>
    <ClInclude Include="src\engine-config-manager.h">
      <Filter>Headerdateien</Filter>
    </ClInclude>
    <ClInclude Include="src\engine-option.h">
      <Filter>Headerdateien</Filter>
    </ClInclude>
    <ClInclude Include="src\game-manager-pool.h">
      <Filter>Headerdateien</Filter>
    </ClInclude>
    <ClInclude Include="src\sprt-manager.h">
      <Filter>Headerdateien</Filter>
    </ClInclude>
    <ClInclude Include="src\pgn-io.h">
      <Filter>Headerdateien</Filter>
    </ClInclude>
    <ClInclude Include="src\app-error.h">
      <Filter>Headerdateien</Filter>
    </ClInclude>
    <ClInclude Include="src\event-sink-recorder.h">
      <Filter>Headerdateien</Filter>
    </ClInclude>
    <ClInclude Include="src\openings.h">
      <Filter>Headerdateien</Filter>
    </ClInclude>
    <ClInclude Include="src\tournament.h">
      <Filter>Headerdateien</Filter>
    </ClInclude>
    <ClInclude Include="src\pair-tournament.h">
      <Filter>Headerdateien</Filter>
    </ClInclude>
    <ClInclude Include="src\tournament-result.h">
      <Filter>Headerdateien</Filter>
    </ClInclude>
    <ClInclude Include="src\input-handler.h">
      <Filter>Headerdateien</Filter>
    </ClInclude>
  </ItemGroup>
  <ItemGroup>
    <None Include="README.md" />
  </ItemGroup>
</Project>